
Microsoft Visual Studio Solution File, Format Version 12.00
# Visual Studio Version 17
VisualStudioVersion = 17.5.33627.172
MinimumVisualStudioVersion = 10.0.40219.1
Project("{FAE04EC0-301F-11D3-BF4B-00C04F79EFBC}") = "CleanArchMvc.Domain", "CleanArchMvc.Domain\CleanArchMvc.Domain.csproj", "{B9CC46F8-6423-4439-B3AA-A617DFDDAD78}"
EndProject
Project("{FAE04EC0-301F-11D3-BF4B-00C04F79EFBC}") = "CleanArchMvc.Application", "CleanArchMvc.Application\CleanArchMvc.Application.csproj", "{F60C98CB-AC8F-4D1D-A012-578F71D45247}"
EndProject
Project("{FAE04EC0-301F-11D3-BF4B-00C04F79EFBC}") = "CleanArchMvc.Infra.Data", "CleanArchMvc.Infra.Data\CleanArchMvc.Infra.Data.csproj", "{D06BF6FF-6DEF-4A55-B7C7-FDBC090B992B}"
EndProject
Project("{FAE04EC0-301F-11D3-BF4B-00C04F79EFBC}") = "CleanArchMvc.Infra.IoC", "CleanArchMvc.Infra.IoC\CleanArchMvc.Infra.IoC.csproj", "{25A962D1-F5B9-4B73-9811-B1DE26403519}"
EndProject
Project("{FAE04EC0-301F-11D3-BF4B-00C04F79EFBC}") = "CleanArchMvc.WebUI", "CleanArchMvc.WebUI\CleanArchMvc.WebUI.csproj", "{8583496F-B13A-4EAE-82C7-3AC4AC29B287}"
EndProject
Global
	GlobalSection(SolutionConfigurationPlatforms) = preSolution
		Debug|Any CPU = Debug|Any CPU
		Release|Any CPU = Release|Any CPU
	EndGlobalSection
	GlobalSection(ProjectConfigurationPlatforms) = postSolution
		{B9CC46F8-6423-4439-B3AA-A617DFDDAD78}.Debug|Any CPU.ActiveCfg = Debug|Any CPU
		{B9CC46F8-6423-4439-B3AA-A617DFDDAD78}.Debug|Any CPU.Build.0 = Debug|Any CPU
		{B9CC46F8-6423-4439-B3AA-A617DFDDAD78}.Release|Any CPU.ActiveCfg = Release|Any CPU
		{B9CC46F8-6423-4439-B3AA-A617DFDDAD78}.Release|Any CPU.Build.0 = Release|Any CPU
		{F60C98CB-AC8F-4D1D-A012-578F71D45247}.Debug|Any CPU.ActiveCfg = Debug|Any CPU
		{F60C98CB-AC8F-4D1D-A012-578F71D45247}.Debug|Any CPU.Build.0 = Debug|Any CPU
		{F60C98CB-AC8F-4D1D-A012-578F71D45247}.Release|Any CPU.ActiveCfg = Release|Any CPU
		{F60C98CB-AC8F-4D1D-A012-578F71D45247}.Release|Any CPU.Build.0 = Release|Any CPU
		{D06BF6FF-6DEF-4A55-B7C7-FDBC090B992B}.Debug|Any CPU.ActiveCfg = Debug|Any CPU
		{D06BF6FF-6DEF-4A55-B7C7-FDBC090B992B}.Debug|Any CPU.Build.0 = Debug|Any CPU
		{D06BF6FF-6DEF-4A55-B7C7-FDBC090B992B}.Release|Any CPU.ActiveCfg = Release|Any CPU
		{D06BF6FF-6DEF-4A55-B7C7-FDBC090B992B}.Release|Any CPU.Build.0 = Release|Any CPU
		{25A962D1-F5B9-4B73-9811-B1DE26403519}.Debug|Any CPU.ActiveCfg = Debug|Any CPU
		{25A962D1-F5B9-4B73-9811-B1DE26403519}.Debug|Any CPU.Build.0 = Debug|Any CPU
		{25A962D1-F5B9-4B73-9811-B1DE26403519}.Release|Any CPU.ActiveCfg = Release|Any CPU
		{25A962D1-F5B9-4B73-9811-B1DE26403519}.Release|Any CPU.Build.0 = Release|Any CPU
		{8583496F-B13A-4EAE-82C7-3AC4AC29B287}.Debug|Any CPU.ActiveCfg = Debug|Any CPU
		{8583496F-B13A-4EAE-82C7-3AC4AC29B287}.Debug|Any CPU.Build.0 = Debug|Any CPU
		{8583496F-B13A-4EAE-82C7-3AC4AC29B287}.Release|Any CPU.ActiveCfg = Release|Any CPU
		{8583496F-B13A-4EAE-82C7-3AC4AC29B287}.Release|Any CPU.Build.0 = Release|Any CPU
	EndGlobalSection
	GlobalSection(SolutionProperties) = preSolution
		HideSolutionNode = FALSE
	EndGlobalSection
	GlobalSection(ExtensibilityGlobals) = postSolution
		SolutionGuid = {8D6EC560-41F8-4FBA-82D1-7B5C09EF01AC}
	EndGlobalSection
EndGlobal
